
Microsoft Visual Studio Solution File, Format Version 12.00
# Visual Studio Version 16
VisualStudioVersion = 16.0.30011.22
MinimumVisualStudioVersion = 10.0.40219.1
Project("{9A19103F-16F7-4668-BE54-9A1E7A4F7556}") = "UserLogin", "UserLogin\UserLogin.csproj", "{23374532-92C2-468E-B8FE-BF6F5041C438}"
EndProject
Project("{9A19103F-16F7-4668-BE54-9A1E7A4F7556}") = "StudentInfoSystem", "StudentInfoSystem\StudentInfoSystem.csproj", "{34394952-B7BA-4389-9D07-E949BA464D0C}"
EndProject
Project("{9A19103F-16F7-4668-BE54-9A1E7A4F7556}") = "WPFHello", "WPFHello\WPFHello.csproj", "{7C0413E1-37C7-4984-9C7E-5F27BD541213}"
EndProject
Project("{FAE04EC0-301F-11D3-BF4B-00C04F79EFBC}") = "ExpenseIt", "ExpenseIt\ExpenseIt.csproj", "{35C55F04-1418-44CD-9E5F-77EC9B89D5EA}"
EndProject
Global
	GlobalSection(SolutionConfigurationPlatforms) = preSolution
		Debug|Any CPU = Debug|Any CPU
		Release|Any CPU = Release|Any CPU
	EndGlobalSection
	GlobalSection(ProjectConfigurationPlatforms) = postSolution
		{23374532-92C2-468E-B8FE-BF6F5041C438}.Debug|Any CPU.ActiveCfg = Debug|Any CPU
		{23374532-92C2-468E-B8FE-BF6F5041C438}.Debug|Any CPU.Build.0 = Debug|Any CPU
		{23374532-92C2-468E-B8FE-BF6F5041C438}.Release|Any CPU.ActiveCfg = Release|Any CPU
		{23374532-92C2-468E-B8FE-BF6F5041C438}.Release|Any CPU.Build.0 = Release|Any CPU
		{34394952-B7BA-4389-9D07-E949BA464D0C}.Debug|Any CPU.ActiveCfg = Debug|Any CPU
		{34394952-B7BA-4389-9D07-E949BA464D0C}.Debug|Any CPU.Build.0 = Debug|Any CPU
		{34394952-B7BA-4389-9D07-E949BA464D0C}.Release|Any CPU.ActiveCfg = Release|Any CPU
		{34394952-B7BA-4389-9D07-E949BA464D0C}.Release|Any CPU.Build.0 = Release|Any CPU
		{7C0413E1-37C7-4984-9C7E-5F27BD541213}.Debug|Any CPU.ActiveCfg = Debug|Any CPU
		{7C0413E1-37C7-4984-9C7E-5F27BD541213}.Debug|Any CPU.Build.0 = Debug|Any CPU
		{7C0413E1-37C7-4984-9C7E-5F27BD541213}.Release|Any CPU.ActiveCfg = Release|Any CPU
		{7C0413E1-37C7-4984-9C7E-5F27BD541213}.Release|Any CPU.Build.0 = Release|Any CPU
		{35C55F04-1418-44CD-9E5F-77EC9B89D5EA}.Debug|Any CPU.ActiveCfg = Debug|Any CPU
		{35C55F04-1418-44CD-9E5F-77EC9B89D5EA}.Debug|Any CPU.Build.0 = Debug|Any CPU
		{35C55F04-1418-44CD-9E5F-77EC9B89D5EA}.Release|Any CPU.ActiveCfg = Release|Any CPU
		{35C55F04-1418-44CD-9E5F-77EC9B89D5EA}.Release|Any CPU.Build.0 = Release|Any CPU
	EndGlobalSection
	GlobalSection(SolutionProperties) = preSolution
		HideSolutionNode = FALSE
	EndGlobalSection
	GlobalSection(ExtensibilityGlobals) = postSolution
		SolutionGuid = {4A633786-CCAD-427F-9FCB-22BA30BF3368}
	EndGlobalSection
EndGlobal
